Microsoft Visual Studio Solution File, Format Version 11.00
# Visual Studio 2008

Project("{436B4B53-7E23-0882-3E4B-FCDB49FBF0D1}") = "MemoryGroup2", "Assembly-CSharp.csproj", "{3E5C53B8-6199-3B49-EF1E-2EDC29181742}"
EndProject
Global
	GlobalSection(SolutionConfigurationPlatforms) = preSolution
		Debug|Any CPU = Debug|Any CPU
		Release|Any CPU = Release|Any CPU
	EndGlobalSection
	GlobalSection(ProjectConfigurationPlatforms) = postSolution
		{3E5C53B8-6199-3B49-EF1E-2EDC29181742}.Debug|Any CPU.ActiveCfg = Debug|Any CPU
		{3E5C53B8-6199-3B49-EF1E-2EDC29181742}.Debug|Any CPU.Build.0 = Debug|Any CPU
		{3E5C53B8-6199-3B49-EF1E-2EDC29181742}.Release|Any CPU.ActiveCfg = Release|Any CPU
		{3E5C53B8-6199-3B49-EF1E-2EDC29181742}.Release|Any CPU.Build.0 = Release|Any CPU
	EndGlobalSection
	GlobalSection(SolutionProperties) = preSolution
		HideSolutionNode = FALSE
	EndGlobalSection
	GlobalSection(MonoDevelopProperties) = preSolution
		StartupItem = Assembly-CSharp.csproj
	EndGlobalSection
EndGlobal
